
Microsoft Visual Studio Solution File, Format Version 12.00
# Visual Studio Version 16
VisualStudioVersion = 16.0.30717.126
MinimumVisualStudioVersion = 10.0.40219.1
Project("{9A19103F-16F7-4668-BE54-9A1E7A4F7556}") = "WpfHybridApp", "samples\WpfHybridApp\WpfHybridApp.csproj", "{B64AE4CF-3A4A-442D-86D2-EDA7CDA2237F}"
EndProject
Project("{2150E333-8FDC-42A3-9474-1A3956D46DE8}") = "Samples", "Samples", "{79B7007D-2DE5-408B-9761-BD42DA9F5FCF}"
EndProject
Project("{9A19103F-16F7-4668-BE54-9A1E7A4F7556}") = "Positron.Core", "src\Positron.Core\Positron.Core.csproj", "{F9D5CCF7-8211-4150-BE92-C6191AF7423F}"
EndProject
Project("{2150E333-8FDC-42A3-9474-1A3956D46DE8}") = "Solution Items", "Solution Items", "{939B6268-283D-49BE-BF83-4262948341D9}"
	ProjectSection(SolutionItems) = preProject
		README.md = README.md
	EndProjectSection
EndProject
Project("{9A19103F-16F7-4668-BE54-9A1E7A4F7556}") = "SampleMvcApplication", "samples\SampleMvcApplication\SampleMvcApplication.csproj", "{EBA29D28-8DEF-4AAA-854E-843C89345B92}"
EndProject
Project("{C7167F0D-BC9F-4E6E-AFE1-012C56B48DB5}") = "WpfHybridApp.App", "samples\WpfHybridApp.App\WpfHybridApp.App.wapproj", "{1A465C98-55CA-4BE2-ABFB-4354D11DEC15}"
EndProject
Global
	GlobalSection(SolutionConfigurationPlatforms) = preSolution
		Debug|Any CPU = Debug|Any CPU
		Debug|ARM = Debug|ARM
		Debug|ARM64 = Debug|ARM64
		Debug|x64 = Debug|x64
		Debug|x86 = Debug|x86
		Release|Any CPU = Release|Any CPU
		Release|ARM = Release|ARM
		Release|ARM64 = Release|ARM64
		Release|x64 = Release|x64
		Release|x86 = Release|x86
	EndGlobalSection
	GlobalSection(ProjectConfigurationPlatforms) = postSolution
		{B64AE4CF-3A4A-442D-86D2-EDA7CDA2237F}.Debug|Any CPU.ActiveCfg = Debug|Any CPU
		{B64AE4CF-3A4A-442D-86D2-EDA7CDA2237F}.Debug|Any CPU.Build.0 = Debug|Any CPU
		{B64AE4CF-3A4A-442D-86D2-EDA7CDA2237F}.Debug|ARM.ActiveCfg = Debug|Any CPU
		{B64AE4CF-3A4A-442D-86D2-EDA7CDA2237F}.Debug|ARM.Build.0 = Debug|Any CPU
		{B64AE4CF-3A4A-442D-86D2-EDA7CDA2237F}.Debug|ARM64.ActiveCfg = Debug|Any CPU
		{B64AE4CF-3A4A-442D-86D2-EDA7CDA2237F}.Debug|ARM64.Build.0 = Debug|Any CPU
		{B64AE4CF-3A4A-442D-86D2-EDA7CDA2237F}.Debug|x64.ActiveCfg = Debug|Any CPU
		{B64AE4CF-3A4A-442D-86D2-EDA7CDA2237F}.Debug|x64.Build.0 = Debug|Any CPU
		{B64AE4CF-3A4A-442D-86D2-EDA7CDA2237F}.Debug|x86.ActiveCfg = Debug|Any CPU
		{B64AE4CF-3A4A-442D-86D2-EDA7CDA2237F}.Debug|x86.Build.0 = Debug|Any CPU
		{B64AE4CF-3A4A-442D-86D2-EDA7CDA2237F}.Release|Any CPU.ActiveCfg = Release|Any CPU
		{B64AE4CF-3A4A-442D-86D2-EDA7CDA2237F}.Release|Any CPU.Build.0 = Release|Any CPU
		{B64AE4CF-3A4A-442D-86D2-EDA7CDA2237F}.Release|ARM.ActiveCfg = Release|Any CPU
		{B64AE4CF-3A4A-442D-86D2-EDA7CDA2237F}.Release|ARM.Build.0 = Release|Any CPU
		{B64AE4CF-3A4A-442D-86D2-EDA7CDA2237F}.Release|ARM64.ActiveCfg = Release|Any CPU
		{B64AE4CF-3A4A-442D-86D2-EDA7CDA2237F}.Release|ARM64.Build.0 = Release|Any CPU
		{B64AE4CF-3A4A-442D-86D2-EDA7CDA2237F}.Release|x64.ActiveCfg = Release|Any CPU
		{B64AE4CF-3A4A-442D-86D2-EDA7CDA2237F}.Release|x64.Build.0 = Release|Any CPU
		{B64AE4CF-3A4A-442D-86D2-EDA7CDA2237F}.Release|x86.ActiveCfg = Release|Any CPU
		{B64AE4CF-3A4A-442D-86D2-EDA7CDA2237F}.Release|x86.Build.0 = Release|Any CPU
		{F9D5CCF7-8211-4150-BE92-C6191AF7423F}.Debug|Any CPU.ActiveCfg = Debug|Any CPU
		{F9D5CCF7-8211-4150-BE92-C6191AF7423F}.Debug|Any CPU.Build.0 = Debug|Any CPU
		{F9D5CCF7-8211-4150-BE92-C6191AF7423F}.Debug|ARM.ActiveCfg = Debug|Any CPU
		{F9D5CCF7-8211-4150-BE92-C6191AF7423F}.Debug|ARM.Build.0 = Debug|Any CPU
		{F9D5CCF7-8211-4150-BE92-C6191AF7423F}.Debug|ARM64.ActiveCfg = Debug|Any CPU
		{F9D5CCF7-8211-4150-BE92-C6191AF7423F}.Debug|ARM64.Build.0 = Debug|Any CPU
		{F9D5CCF7-8211-4150-BE92-C6191AF7423F}.Debug|x64.ActiveCfg = Debug|Any CPU
		{F9D5CCF7-8211-4150-BE92-C6191AF7423F}.Debug|x64.Build.0 = Debug|Any CPU
		{F9D5CCF7-8211-4150-BE92-C6191AF7423F}.Debug|x86.ActiveCfg = Debug|Any CPU
		{F9D5CCF7-8211-4150-BE92-C6191AF7423F}.Debug|x86.Build.0 = Debug|Any CPU
		{F9D5CCF7-8211-4150-BE92-C6191AF7423F}.Release|Any CPU.ActiveCfg = Release|Any CPU
		{F9D5CCF7-8211-4150-BE92-C6191AF7423F}.Release|Any CPU.Build.0 = Release|Any CPU
		{F9D5CCF7-8211-4150-BE92-C6191AF7423F}.Release|ARM.ActiveCfg = Release|Any CPU
		{F9D5CCF7-8211-4150-BE92-C6191AF7423F}.Release|ARM.Build.0 = Release|Any CPU
		{F9D5CCF7-8211-4150-BE92-C6191AF7423F}.Release|ARM64.ActiveCfg = Release|Any CPU
		{F9D5CCF7-8211-4150-BE92-C6191AF7423F}.Release|ARM64.Build.0 = Release|Any CPU
		{F9D5CCF7-8211-4150-BE92-C6191AF7423F}.Release|x64.ActiveCfg = Release|Any CPU
		{F9D5CCF7-8211-4150-BE92-C6191AF7423F}.Release|x64.Build.0 = Release|Any CPU
		{F9D5CCF7-8211-4150-BE92-C6191AF7423F}.Release|x86.ActiveCfg = Release|Any CPU
		{F9D5CCF7-8211-4150-BE92-C6191AF7423F}.Release|x86.Build.0 = Release|Any CPU
		{EBA29D28-8DEF-4AAA-854E-843C89345B92}.Debug|Any CPU.ActiveCfg = Debug|Any CPU
		{EBA29D28-8DEF-4AAA-854E-843C89345B92}.Debug|Any CPU.Build.0 = Debug|Any CPU
		{EBA29D28-8DEF-4AAA-854E-843C89345B92}.Debug|ARM.ActiveCfg = Debug|Any CPU
		{EBA29D28-8DEF-4AAA-854E-843C89345B92}.Debug|ARM.Build.0 = Debug|Any CPU
		{EBA29D28-8DEF-4AAA-854E-843C89345B92}.Debug|ARM64.ActiveCfg = Debug|Any CPU
		{EBA29D28-8DEF-4AAA-854E-843C89345B92}.Debug|ARM64.Build.0 = Debug|Any CPU
		{EBA29D28-8DEF-4AAA-854E-843C89345B92}.Debug|x64.ActiveCfg = Debug|Any CPU
		{EBA29D28-8DEF-4AAA-854E-843C89345B92}.Debug|x64.Build.0 = Debug|Any CPU
		{EBA29D28-8DEF-4AAA-854E-843C89345B92}.Debug|x86.ActiveCfg = Debug|Any CPU
		{EBA29D28-8DEF-4AAA-854E-843C89345B92}.Debug|x86.Build.0 = Debug|Any CPU
		{EBA29D28-8DEF-4AAA-854E-843C89345B92}.Release|Any CPU.ActiveCfg = Release|Any CPU
		{EBA29D28-8DEF-4AAA-854E-843C89345B92}.Release|Any CPU.Build.0 = Release|Any CPU
		{EBA29D28-8DEF-4AAA-854E-843C89345B92}.Release|ARM.ActiveCfg = Release|Any CPU
		{EBA29D28-8DEF-4AAA-854E-843C89345B92}.Release|ARM.Build.0 = Release|Any CPU
		{EBA29D28-8DEF-4AAA-854E-843C89345B92}.Release|ARM64.ActiveCfg = Release|Any CPU
		{EBA29D28-8DEF-4AAA-854E-843C89345B92}.Release|ARM64.Build.0 = Release|Any CPU
		{EBA29D28-8DEF-4AAA-854E-843C89345B92}.Release|x64.ActiveCfg = Release|Any CPU
		{EBA29D28-8DEF-4AAA-854E-843C89345B92}.Release|x64.Build.0 = Release|Any CPU
		{EBA29D28-8DEF-4AAA-854E-843C89345B92}.Release|x86.ActiveCfg = Release|Any CPU
		{EBA29D28-8DEF-4AAA-854E-843C89345B92}.Release|x86.Build.0 = Release|Any CPU
		{1A465C98-55CA-4BE2-ABFB-4354D11DEC15}.Debug|Any CPU.ActiveCfg = Debug|x64
		{1A465C98-55CA-4BE2-ABFB-4354D11DEC15}.Debug|Any CPU.Build.0 = Debug|x64
		{1A465C98-55CA-4BE2-ABFB-4354D11DEC15}.Debug|Any CPU.Deploy.0 = Debug|x64
		{1A465C98-55CA-4BE2-ABFB-4354D11DEC15}.Debug|ARM.ActiveCfg = Debug|ARM
		{1A465C98-55CA-4BE2-ABFB-4354D11DEC15}.Debug|ARM.Build.0 = Debug|ARM
		{1A465C98-55CA-4BE2-ABFB-4354D11DEC15}.Debug|ARM.Deploy.0 = Debug|ARM
		{1A465C98-55CA-4BE2-ABFB-4354D11DEC15}.Debug|ARM64.ActiveCfg = Debug|ARM64
		{1A465C98-55CA-4BE2-ABFB-4354D11DEC15}.Debug|ARM64.Build.0 = Debug|ARM64
		{1A465C98-55CA-4BE2-ABFB-4354D11DEC15}.Debug|ARM64.Deploy.0 = Debug|ARM64
		{1A465C98-55CA-4BE2-ABFB-4354D11DEC15}.Debug|x64.ActiveCfg = Debug|x64
		{1A465C98-55CA-4BE2-ABFB-4354D11DEC15}.Debug|x64.Build.0 = Debug|x64
		{1A465C98-55CA-4BE2-ABFB-4354D11DEC15}.Debug|x64.Deploy.0 = Debug|x64
		{1A465C98-55CA-4BE2-ABFB-4354D11DEC15}.Debug|x86.ActiveCfg = Debug|x86
		{1A465C98-55CA-4BE2-ABFB-4354D11DEC15}.Debug|x86.Build.0 = Debug|x86
		{1A465C98-55CA-4BE2-ABFB-4354D11DEC15}.Debug|x86.Deploy.0 = Debug|x86
		{1A465C98-55CA-4BE2-ABFB-4354D11DEC15}.Release|Any CPU.ActiveCfg = Release|Any CPU
		{1A465C98-55CA-4BE2-ABFB-4354D11DEC15}.Release|Any CPU.Build.0 = Release|Any CPU
		{1A465C98-55CA-4BE2-ABFB-4354D11DEC15}.Release|Any CPU.Deploy.0 = Release|Any CPU
		{1A465C98-55CA-4BE2-ABFB-4354D11DEC15}.Release|ARM.ActiveCfg = Release|ARM
		{1A465C98-55CA-4BE2-ABFB-4354D11DEC15}.Release|ARM.Build.0 = Release|ARM
		{1A465C98-55CA-4BE2-ABFB-4354D11DEC15}.Release|ARM.Deploy.0 = Release|ARM
		{1A465C98-55CA-4BE2-ABFB-4354D11DEC15}.Release|ARM64.ActiveCfg = Release|ARM64
		{1A465C98-55CA-4BE2-ABFB-4354D11DEC15}.Release|ARM64.Build.0 = Release|ARM64
		{1A465C98-55CA-4BE2-ABFB-4354D11DEC15}.Release|ARM64.Deploy.0 = Release|ARM64
		{1A465C98-55CA-4BE2-ABFB-4354D11DEC15}.Release|x64.ActiveCfg = Release|x64
		{1A465C98-55CA-4BE2-ABFB-4354D11DEC15}.Release|x64.Build.0 = Release|x64
		{1A465C98-55CA-4BE2-ABFB-4354D11DEC15}.Release|x64.Deploy.0 = Release|x64
		{1A465C98-55CA-4BE2-ABFB-4354D11DEC15}.Release|x86.ActiveCfg = Release|x86
		{1A465C98-55CA-4BE2-ABFB-4354D11DEC15}.Release|x86.Build.0 = Release|x86
		{1A465C98-55CA-4BE2-ABFB-4354D11DEC15}.Release|x86.Deploy.0 = Release|x86
	EndGlobalSection
	GlobalSection(SolutionProperties) = preSolution
		HideSolutionNode = FALSE
	EndGlobalSection
	GlobalSection(NestedProjects) = preSolution
		{B64AE4CF-3A4A-442D-86D2-EDA7CDA2237F} = {79B7007D-2DE5-408B-9761-BD42DA9F5FCF}
		{EBA29D28-8DEF-4AAA-854E-843C89345B92} = {79B7007D-2DE5-408B-9761-BD42DA9F5FCF}
		{1A465C98-55CA-4BE2-ABFB-4354D11DEC15} = {79B7007D-2DE5-408B-9761-BD42DA9F5FCF}
	EndGlobalSection
	GlobalSection(ExtensibilityGlobals) = postSolution
		SolutionGuid = {0AD9F4A6-3A57-404A-8734-03573FC4849F}
	EndGlobalSection
EndGlobal
